// !$*UTF8*$!
{
	archiveVersion = 1;
	classes = {
	};
	objectVersion = 50;
	objects = {

/* Begin PBXBuildFile section */
		DECD723925C9266100F4713D /* AppDelegate.swift in Sources */ = {isa = PBXBuildFile; fileRef = DECD723825C9266100F4713D /* AppDelegate.swift */; };
		DECD723B25C9266100F4713D /* SceneDelegate.swift in Sources */ = {isa = PBXBuildFile; fileRef = DECD723A25C9266100F4713D /* SceneDelegate.swift */; };
		DECD723D25C9266100F4713D /* TodoListViewController.swift in Sources */ = {isa = PBXBuildFile; fileRef = DECD723C25C9266100F4713D /* TodoListViewController.swift */; };
		DECD724025C9266200F4713D /* Main.storyboard in Resources */ = {isa = PBXBuildFile; fileRef = DECD723E25C9266100F4713D /* Main.storyboard */; };
		DECD724225C9267400F4713D /* Assets.xcassets in Resources */ = {isa = PBXBuildFile; fileRef = DECD724125C9267400F4713D /* Assets.xcassets */; };
		DECD724525C9267400F4713D /* LaunchScreen.storyboard in Resources */ = {isa = PBXBuildFile; fileRef = DECD724325C9267400F4713D /* LaunchScreen.storyboard */; };
		DECD725025C9267600F4713D /* TodoeyTests.swift in Sources */ = {isa = PBXBuildFile; fileRef = DECD724F25C9267600F4713D /* TodoeyTests.swift */; };
		DECD725B25C9267600F4713D /* TodoeyUITests.swift in Sources */ = {isa = PBXBuildFile; fileRef = DECD725A25C9267600F4713D /* TodoeyUITests.swift */; };
/* End PBXBuildFile section */

/* Begin PBXContainerItemProxy section */
		DECD724C25C9267600F4713D /* PBXContainerItemProxy */ = {
			isa = PBXContainerItemProxy;
			containerPortal = DECD722D25C9266100F4713D /* Project object */;
			proxyType = 1;
			remoteGlobalIDString = DECD723425C9266100F4713D;
			remoteInfo = Todoey;
		};
		DECD725725C9267600F4713D /* PBXContainerItemProxy */ = {
			isa = PBXContainerItemProxy;
			containerPortal = DECD722D25C9266100F4713D /* Project object */;
			proxyType = 1;
			remoteGlobalIDString = DECD723425C9266100F4713D;
			remoteInfo = Todoey;
		};
/* End PBXContainerItemProxy section */

/* Begin PBXFileReference section */
		DECD723525C9266100F4713D /* Todoey.app */ = {isa = PBXFileReference; explicitFileType = wrapper.application; includeInIndex = 0; path = Todoey.app; sourceTree = BUILT_PRODUCTS_DIR; };
		DECD723825C9266100F4713D /* AppDelegate.swift */ = {isa = PBXFileReference; lastKnownFileType = sourcecode.swift; path = AppDelegate.swift; sourceTree = "<group>"; };
		DECD723A25C9266100F4713D /* SceneDelegate.swift */ = {isa = PBXFileReference; lastKnownFileType = sourcecode.swift; path = SceneDelegate.swift; sourceTree = "<group>"; };
		DECD723C25C9266100F4713D /* TodoListViewController.swift */ = {isa = PBXFileReference; lastKnownFileType = sourcecode.swift; path = TodoListViewController.swift; sourceTree = "<group>"; };
		DECD723F25C9266100F4713D /* Base */ = {isa = PBXFileReference; lastKnownFileType = file.storyboard; name = Base; path = Base.lproj/Main.storyboard; sourceTree = "<group>"; };
		DECD724125C9267400F4713D /* Assets.xcassets */ = {isa = PBXFileReference; lastKnownFileType = folder.assetcatalog; path = Assets.xcassets; sourceTree = "<group>"; };
		DECD724425C9267400F4713D /* Base */ = {isa = PBXFileReference; lastKnownFileType = file.storyboard; name = Base; path = Base.lproj/LaunchScreen.storyboard; sourceTree = "<group>"; };
		DECD724625C9267400F4713D /* Info.plist */ = {isa = PBXFileReference; lastKnownFileType = text.plist.xml; path = Info.plist; sourceTree = "<group>"; };
		DECD724B25C9267600F4713D /* TodoeyTests.xctest */ = {isa = PBXFileReference; explicitFileType = wrapper.cfbundle; includeInIndex = 0; path = TodoeyTests.xctest; sourceTree = BUILT_PRODUCTS_DIR; };
		DECD724F25C9267600F4713D /* TodoeyTests.swift */ = {isa = PBXFileReference; lastKnownFileType = sourcecode.swift; path = TodoeyTests.swift; sourceTree = "<group>"; };
		DECD725125C9267600F4713D /* Info.plist */ = {isa = PBXFileReference; lastKnownFileType = text.plist.xml; path = Info.plist; sourceTree = "<group>"; };
		DECD725625C9267600F4713D /* TodoeyUITests.xctest */ = {isa = PBXFileReference; explicitFileType = wrapper.cfbundle; includeInIndex = 0; path = TodoeyUITests.xctest; sourceTree = BUILT_PRODUCTS_DIR; };
		DECD725A25C9267600F4713D /* TodoeyUITests.swift */ = {isa = PBXFileReference; lastKnownFileType = sourcecode.swift; path = TodoeyUITests.swift; sourceTree = "<group>"; };
		DECD725C25C9267600F4713D /* Info.plist */ = {isa = PBXFileReference; lastKnownFileType = text.plist.xml; path = Info.plist; sourceTree = "<group>"; };
/* End PBXFileReference section */

/* Begin PBXFrameworksBuildPhase section */
		DECD723225C9266100F4713D /* Frameworks */ = {
			isa = PBXFrameworksBuildPhase;
			buildActionMask = 2147483647;
			files = (
			);
			runOnlyForDeploymentPostprocessing = 0;
		};
		DECD724825C9267600F4713D /* Frameworks */ = {
			isa = PBXFrameworksBuildPhase;
			buildActionMask = 2147483647;
			files = (
			);
			runOnlyForDeploymentPostprocessing = 0;
		};
		DECD725325C9267600F4713D /* Frameworks */ = {
			isa = PBXFrameworksBuildPhase;
			buildActionMask = 2147483647;
			files = (
			);
			runOnlyForDeploymentPostprocessing = 0;
		};
/* End PBXFrameworksBuildPhase section */

/* Begin PBXGroup section */
		DECD722C25C9266100F4713D = {
			isa = PBXGroup;
			children = (
				DECD723725C9266100F4713D /* Todoey */,
				DECD724E25C9267600F4713D /* TodoeyTests */,
				DECD725925C9267600F4713D /* TodoeyUITests */,
				DECD723625C9266100F4713D /* Products */,
			);
			sourceTree = "<group>";
		};
		DECD723625C9266100F4713D /* Products */ = {
			isa = PBXGroup;
			children = (
				DECD723525C9266100F4713D /* Todoey.app */,
				DECD724B25C9267600F4713D /* TodoeyTests.xctest */,
				DECD725625C9267600F4713D /* TodoeyUITests.xctest */,
			);
			name = Products;
			sourceTree = "<group>";
		};
		DECD723725C9266100F4713D /* Todoey */ = {
			isa = PBXGroup;
			children = (
				DECD723825C9266100F4713D /* AppDelegate.swift */,
				DECD723A25C9266100F4713D /* SceneDelegate.swift */,
				DECD723C25C9266100F4713D /* TodoListViewController.swift */,
				DECD723E25C9266100F4713D /* Main.storyboard */,
				DECD724125C9267400F4713D /* Assets.xcassets */,
				DECD724325C9267400F4713D /* LaunchScreen.storyboard */,
				DECD724625C9267400F4713D /* Info.plist */,
			);
			path = Todoey;
			sourceTree = "<group>";
		};
		DECD724E25C9267600F4713D /* TodoeyTests */ = {
			isa = PBXGroup;
			children = (
				DECD724F25C9267600F4713D /* TodoeyTests.swift */,
				DECD725125C9267600F4713D /* Info.plist */,
			);
			path = TodoeyTests;
			sourceTree = "<group>";
		};
		DECD725925C9267600F4713D /* TodoeyUITests */ = {
			isa = PBXGroup;
			children = (
				DECD725A25C9267600F4713D /* TodoeyUITests.swift */,
				DECD725C25C9267600F4713D /* Info.plist */,
			);
			path = TodoeyUITests;
			sourceTree = "<group>";
		};
/* End PBXGroup section */

/* Begin PBXNativeTarget section */
		DECD723425C9266100F4713D /* Todoey */ = {
			isa = PBXNativeTarget;
			buildConfigurationList = DECD725F25C9267600F4713D /* Build configuration list for PBXNativeTarget "Todoey" */;
			buildPhases = (
				DECD723125C9266100F4713D /* Sources */,
				DECD723225C9266100F4713D /* Frameworks */,
				DECD723325C9266100F4713D /* Resources */,
			);
			buildRules = (
			);
			dependencies = (
			);
			name = Todoey;
			productName = Todoey;
			productReference = DECD723525C9266100F4713D /* Todoey.app */;
			productType = "com.apple.product-type.application";
		};
		DECD724A25C9267600F4713D /* TodoeyTests */ = {
			isa = PBXNativeTarget;
			buildConfigurationList = DECD726225C9267600F4713D /* Build configuration list for PBXNativeTarget "TodoeyTests" */;
			buildPhases = (
				DECD724725C9267600F4713D /* Sources */,
				DECD724825C9267600F4713D /* Frameworks */,
				DECD724925C9267600F4713D /* Resources */,
			);
			buildRules = (
			);
			dependencies = (
				DECD724D25C9267600F4713D /* PBXTargetDependency */,
			);
			name = TodoeyTests;
			productName = TodoeyTests;
			productReference = DECD724B25C9267600F4713D /* TodoeyTests.xctest */;
			productType = "com.apple.product-type.bundle.unit-test";
		};
		DECD725525C9267600F4713D /* TodoeyUITests */ = {
			isa = PBXNativeTarget;
			buildConfigurationList = DECD726525C9267600F4713D /* Build configuration list for PBXNativeTarget "TodoeyUITests" */;
			buildPhases = (
				DECD725225C9267600F4713D /* Sources */,
				DECD725325C9267600F4713D /* Frameworks */,
				DECD725425C9267600F4713D /* Resources */,
			);
			buildRules = (
			);
			dependencies = (
				DECD725825C9267600F4713D /* PBXTargetDependency */,
			);
			name = TodoeyUITests;
			productName = TodoeyUITests;
			productReference = DECD725625C9267600F4713D /* TodoeyUITests.xctest */;
			productType = "com.apple.product-type.bundle.ui-testing";
		};
/* End PBXNativeTarget section */

/* Begin PBXProject section */
		DECD722D25C9266100F4713D /* Project object */ = {
			isa = PBXProject;
			attributes = {
				LastSwiftUpdateCheck = 1220;
				LastUpgradeCheck = 1220;
				TargetAttributes = {
					DECD723425C9266100F4713D = {
						CreatedOnToolsVersion = 12.2;
					};
					DECD724A25C9267600F4713D = {
						CreatedOnToolsVersion = 12.2;
						TestTargetID = DECD723425C9266100F4713D;
					};
					DECD725525C9267600F4713D = {
						CreatedOnToolsVersion = 12.2;
						TestTargetID = DECD723425C9266100F4713D;
					};
				};
			};
			buildConfigurationList = DECD723025C9266100F4713D /* Build configuration list for PBXProject "Todoey" */;
			compatibilityVersion = "Xcode 9.3";
			developmentRegion = en;
			hasScannedForEncodings = 0;
			knownRegions = (
				en,
				Base,
			);
			mainGroup = DECD722C25C9266100F4713D;
			productRefGroup = DECD723625C9266100F4713D /* Products */;
			projectDirPath = "";
			projectRoot = "";
			targets = (
				DECD723425C9266100F4713D /* Todoey */,
				DECD724A25C9267600F4713D /* TodoeyTests */,
				DECD725525C9267600F4713D /* TodoeyUITests */,
			);
		};
/* End PBXProject section */

/* Begin PBXResourcesBuildPhase section */
		DECD723325C9266100F4713D /* Resources */ = {
			isa = PBXResourcesBuildPhase;
			buildActionMask = 2147483647;
			files = (
				DECD724525C9267400F4713D /* LaunchScreen.storyboard in Resources */,
				DECD724225C9267400F4713D /* Assets.xcassets in Resources */,
				DECD724025C9266200F4713D /* Main.storyboard in Resources */,
			);
			runOnlyForDeploymentPostprocessing = 0;
		};
		DECD724925C9267600F4713D /* Resources */ = {
			isa = PBXResourcesBuildPhase;
			buildActionMask = 2147483647;
			files = (
			);
			runOnlyForDeploymentPostprocessing = 0;
		};
		DECD725425C9267600F4713D /* Resources */ = {
			isa = PBXResourcesBuildPhase;
			buildActionMask = 2147483647;
			files = (
			);
			runOnlyForDeploymentPostprocessing = 0;
		};
/* End PBXResourcesBuildPhase section */

/* Begin PBXSourcesBuildPhase section */
		DECD723125C9266100F4713D /* Sources */ = {
			isa = PBXSourcesBuildPhase;
			buildActionMask = 2147483647;
			files = (
				DECD723D25C9266100F4713D /* TodoListViewController.swift in Sources */,
				DECD723925C9266100F4713D /* AppDelegate.swift in Sources */,
				DECD723B25C9266100F4713D /* SceneDelegate.swift in Sources */,
			);
			runOnlyForDeploymentPostprocessing = 0;
		};
		DECD724725C9267600F4713D /* Sources */ = {
			isa = PBXSourcesBuildPhase;
			buildActionMask = 2147483647;
			files = (
				DECD725025C9267600F4713D /* TodoeyTests.swift in Sources */,
			);
			runOnlyForDeploymentPostprocessing = 0;
		};
		DECD725225C9267600F4713D /* Sources */ = {
			isa = PBXSourcesBuildPhase;
			buildActionMask = 2147483647;
			files = (
				DECD725B25C9267600F4713D /* TodoeyUITests.swift in Sources */,
			);
			runOnlyForDeploymentPostprocessing = 0;
		};
/* End PBXSourcesBuildPhase section */

/* Begin PBXTargetDependency section */
		DECD724D25C9267600F4713D /* PBXTargetDependency */ = {
			isa = PBXTargetDependency;
			target = DECD723425C9266100F4713D /* Todoey */;
			targetProxy = DECD724C25C9267600F4713D /* PBXContainerItemProxy */;
		};
		DECD725825C9267600F4713D /* PBXTargetDependency */ = {
			isa = PBXTargetDependency;
			target = DECD723425C9266100F4713D /* Todoey */;
			targetProxy = DECD725725C9267600F4713D /* PBXContainerItemProxy */;
		};
/* End PBXTargetDependency section */

/* Begin PBXVariantGroup section */
		DECD723E25C9266100F4713D /* Main.storyboard */ = {
			isa = PBXVariantGroup;
			children = (
				DECD723F25C9266100F4713D /* Base */,
			);
			name = Main.storyboard;
			sourceTree = "<group>";
		};
		DECD724325C9267400F4713D /* LaunchScreen.storyboard */ = {
			isa = PBXVariantGroup;
			children = (
				DECD724425C9267400F4713D /* Base */,
			);
			name = LaunchScreen.storyboard;
			sourceTree = "<group>";
		};
/* End PBXVariantGroup section */

/* Begin XCBuildConfiguration section */
		DECD725D25C9267600F4713D /* Debug */ = {
			isa = XCBuildConfiguration;
			buildSettings = {
				ALWAYS_SEARCH_USER_PATHS = NO;
				CLANG_ANALYZER_NONNULL = YES;
				CLANG_ANALYZER_NUMBER_OBJECT_CONVERSION = YES_AGGRESSIVE;
				CLANG_CXX_LANGUAGE_STANDARD = "gnu++14";
				CLANG_CXX_LIBRARY = "libc++";
				CLANG_ENABLE_MODULES = YES;
				CLANG_ENABLE_OBJC_ARC = YES;
				CLANG_ENABLE_OBJC_WEAK = YES;
				CLANG_WARN_BLOCK_CAPTURE_AUTORELEASING = YES;
				CLANG_WARN_BOOL_CONVERSION = YES;
				CLANG_WARN_COMMA = YES;
				CLANG_WARN_CONSTANT_CONVERSION = YES;
				CLANG_WARN_DEPRECATED_OBJC_IMPLEMENTATIONS = YES;
				CLANG_WARN_DIRECT_OBJC_ISA_USAGE = YES_ERROR;
				CLANG_WARN_DOCUMENTATION_COMMENTS = YES;
				CLANG_WARN_EMPTY_BODY = YES;
				CLANG_WARN_ENUM_CONVERSION = YES;
				CLANG_WARN_INFINITE_RECURSION = YES;
				CLANG_WARN_INT_CONVERSION = YES;
				CLANG_WARN_NON_LITERAL_NULL_CONVERSION = YES;
				CLANG_WARN_OBJC_IMPLICIT_RETAIN_SELF = YES;
				CLANG_WARN_OBJC_LITERAL_CONVERSION = YES;
				CLANG_WARN_OBJC_ROOT_CLASS = YES_ERROR;
				CLANG_WARN_QUOTED_INCLUDE_IN_FRAMEWORK_HEADER = YES;
				CLANG_WARN_RANGE_LOOP_ANALYSIS = YES;
				CLANG_WARN_STRICT_PROTOTYPES = YES;
				CLANG_WARN_SUSPICIOUS_MOVE = YES;
				CLANG_WARN_UNGUARDED_AVAILABILITY = YES_AGGRESSIVE;
				CLANG_WARN_UNREACHABLE_CODE = YES;
				CLANG_WARN__DUPLICATE_METHOD_MATCH = YES;
				COPY_PHASE_STRIP = NO;
				DEBUG_INFORMATION_FORMAT = dwarf;
				ENABLE_STRICT_OBJC_MSGSEND = YES;
				ENABLE_TESTABILITY = YES;
				GCC_C_LANGUAGE_STANDARD = gnu11;
				GCC_DYNAMIC_NO_PIC = NO;
				GCC_NO_COMMON_BLOCKS = YES;
				GCC_OPTIMIZATION_LEVEL = 0;
				GCC_PREPROCESSOR_DEFINITIONS = (
					"DEBUG=1",
					"$(inherited)",
				);
				GCC_WARN_64_TO_32_BIT_CONVERSION = YES;
				GCC_WARN_ABOUT_RETURN_TYPE = YES_ERROR;
				GCC_WARN_UNDECLARED_SELECTOR = YES;
				GCC_WARN_UNINITIALIZED_AUTOS = YES_AGGRESSIVE;
				GCC_WARN_UNUSED_FUNCTION = YES;
				GCC_WARN_UNUSED_VARIABLE = YES;
				IPHONEOS_DEPLOYMENT_TARGET = 14.2;
				MTL_ENABLE_DEBUG_INFO = INCLUDE_SOURCE;
				MTL_FAST_MATH = YES;
				ONLY_ACTIVE_ARCH = YES;
				SDKROOT = iphoneos;
				SWIFT_ACTIVE_COMPILATION_CONDITIONS = DEBUG;
				SWIFT_OPTIMIZATION_LEVEL = "-Onone";
			};
			name = Debug;
		};
		DECD725E25C9267600F4713D /* Release */ = {
			isa = XCBuildConfiguration;
			buildSettings = {
				ALWAYS_SEARCH_USER_PATHS = NO;
				CLANG_ANALYZER_NONNULL = YES;
				CLANG_ANALYZER_NUMBER_OBJECT_CONVERSION = YES_AGGRESSIVE;
				CLANG_CXX_LANGUAGE_STANDARD = "gnu++14";
				CLANG_CXX_LIBRARY = "libc++";
				CLANG_ENABLE_MODULES = YES;
				CLANG_ENABLE_OBJC_ARC = YES;
				CLANG_ENABLE_OBJC_WEAK = YES;
				CLANG_WARN_BLOCK_CAPTURE_AUTORELEASING = YES;
				CLANG_WARN_BOOL_CONVERSION = YES;
				CLANG_WARN_COMMA = YES;
				CLANG_WARN_CONSTANT_CONVERSION = YES;
				CLANG_WARN_DEPRECATED_OBJC_IMPLEMENTATIONS = YES;
				CLANG_WARN_DIRECT_OBJC_ISA_USAGE = YES_ERROR;
				CLANG_WARN_DOCUMENTATION_COMMENTS = YES;
				CLANG_WARN_EMPTY_BODY = YES;
				CLANG_WARN_ENUM_CONVERSION = YES;
				CLANG_WARN_INFINITE_RECURSION = YES;
				CLANG_WARN_INT_CONVERSION = YES;
				CLANG_WARN_NON_LITERAL_NULL_CONVERSION = YES;
				CLANG_WARN_OBJC_IMPLICIT_RETAIN_SELF = YES;
				CLANG_WARN_OBJC_LITERAL_CONVERSION = YES;
				CLANG_WARN_OBJC_ROOT_CLASS = YES_ERROR;
				CLANG_WARN_QUOTED_INCLUDE_IN_FRAMEWORK_HEADER = YES;
				CLANG_WARN_RANGE_LOOP_ANALYSIS = YES;
				CLANG_WARN_STRICT_PROTOTYPES = YES;
				CLANG_WARN_SUSPICIOUS_MOVE = YES;
				CLANG_WARN_UNGUARDED_AVAILABILITY = YES_AGGRESSIVE;
				CLANG_WARN_UNREACHABLE_CODE = YES;
				CLANG_WARN__DUPLICATE_METHOD_MATCH = YES;
				COPY_PHASE_STRIP = NO;
				DEBUG_INFORMATION_FORMAT = "dwarf-with-dsym";
				ENABLE_NS_ASSERTIONS = NO;
				ENABLE_STRICT_OBJC_MSGSEND = YES;
				GCC_C_LANGUAGE_STANDARD = gnu11;
				GCC_NO_COMMON_BLOCKS = YES;
				GCC_WARN_64_TO_32_BIT_CONVERSION = YES;
				GCC_WARN_ABOUT_RETURN_TYPE = YES_ERROR;
				GCC_WARN_UNDECLARED_SELECTOR = YES;
				GCC_WARN_UNINITIALIZED_AUTOS = YES_AGGRESSIVE;
				GCC_WARN_UNUSED_FUNCTION = YES;
				GCC_WARN_UNUSED_VARIABLE = YES;
				IPHONEOS_DEPLOYMENT_TARGET = 14.2;
				MTL_ENABLE_DEBUG_INFO = NO;
				MTL_FAST_MATH = YES;
				SDKROOT = iphoneos;
				SWIFT_COMPILATION_MODE = wholemodule;
				SWIFT_OPTIMIZATION_LEVEL = "-O";
				VALIDATE_PRODUCT = YES;
			};
			name = Release;
		};
		DECD726025C9267600F4713D /* Debug */ = {
			isa = XCBuildConfiguration;
			buildSettings = {
				ASSETCATALOG_COMPILER_APPICON_NAME = AppIcon;
				ASSETCATALOG_COMPILER_GLOBAL_ACCENT_COLOR_NAME = AccentColor;
				CODE_SIGN_STYLE = Automatic;
				DEVELOPMENT_TEAM = 26WTYJ34E7;
				INFOPLIST_FILE = Todoey/Info.plist;
				LD_RUNPATH_SEARCH_PATHS = (
					"$(inherited)",
					"@executable_path/Frameworks",
				);
				PRODUCT_BUNDLE_IDENTIFIER = Yogesh.Todoey;
				PRODUCT_NAME = "$(TARGET_NAME)";
				SWIFT_VERSION = 5.0;
				TARGETED_DEVICE_FAMILY = "1,2";
			};
			name = Debug;
		};
		DECD726125C9267600F4713D /* Release */ = {
			isa = XCBuildConfiguration;
			buildSettings = {
				ASSETCATALOG_COMPILER_APPICON_NAME = AppIcon;
				ASSETCATALOG_COMPILER_GLOBAL_ACCENT_COLOR_NAME = AccentColor;
				CODE_SIGN_STYLE = Automatic;
				DEVELOPMENT_TEAM = 26WTYJ34E7;
				INFOPLIST_FILE = Todoey/Info.plist;
				LD_RUNPATH_SEARCH_PATHS = (
					"$(inherited)",
					"@executable_path/Frameworks",
				);
				PRODUCT_BUNDLE_IDENTIFIER = Yogesh.Todoey;
				PRODUCT_NAME = "$(TARGET_NAME)";
				SWIFT_VERSION = 5.0;
				TARGETED_DEVICE_FAMILY = "1,2";
			};
			name = Release;
		};
		DECD726325C9267600F4713D /* Debug */ = {
			isa = XCBuildConfiguration;
			buildSettings = {
				ALWAYS_EMBED_SWIFT_STANDARD_LIBRARIES = YES;
				BUNDLE_LOADER = "$(TEST_HOST)";
				CODE_SIGN_STYLE = Automatic;
				DEVELOPMENT_TEAM = 26WTYJ34E7;
				INFOPLIST_FILE = TodoeyTests/Info.plist;
				IPHONEOS_DEPLOYMENT_TARGET = 14.2;
				LD_RUNPATH_SEARCH_PATHS = (
					"$(inherited)",
					"@executable_path/Frameworks",
					"@loader_path/Frameworks",
				);
				PRODUCT_BUNDLE_IDENTIFIER = Yogesh.TodoeyTests;
				PRODUCT_NAME = "$(TARGET_NAME)";
				SWIFT_VERSION = 5.0;
				TARGETED_DEVICE_FAMILY = "1,2";
				TEST_HOST = "$(BUILT_PRODUCTS_DIR)/Todoey.app/Todoey";
			};
			name = Debug;
		};
		DECD726425C9267600F4713D /* Release */ = {
			isa = XCBuildConfiguration;
			buildSettings = {
				ALWAYS_EMBED_SWIFT_STANDARD_LIBRARIES = YES;
				BUNDLE_LOADER = "$(TEST_HOST)";
				CODE_SIGN_STYLE = Automatic;
				DEVELOPMENT_TEAM = 26WTYJ34E7;
				INFOPLIST_FILE = TodoeyTests/Info.plist;
				IPHONEOS_DEPLOYMENT_TARGET = 14.2;
				LD_RUNPATH_SEARCH_PATHS = (
					"$(inherited)",
					"@executable_path/Frameworks",
					"@loader_path/Frameworks",
				);
				PRODUCT_BUNDLE_IDENTIFIER = Yogesh.TodoeyTests;
				PRODUCT_NAME = "$(TARGET_NAME)";
				SWIFT_VERSION = 5.0;
				TARGETED_DEVICE_FAMILY = "1,2";
				TEST_HOST = "$(BUILT_PRODUCTS_DIR)/Todoey.app/Todoey";
			};
			name = Release;
		};
		DECD726625C9267600F4713D /* Debug */ = {
			isa = XCBuildConfiguration;
			buildSettings = {
				ALWAYS_EMBED_SWIFT_STANDARD_LIBRARIES = YES;
				CODE_SIGN_STYLE = Automatic;
				DEVELOPMENT_TEAM = 26WTYJ34E7;
				INFOPLIST_FILE = TodoeyUITests/Info.plist;
				LD_RUNPATH_SEARCH_PATHS = (
					"$(inherited)",
					"@executable_path/Frameworks",
					"@loader_path/Frameworks",
				);
				PRODUCT_BUNDLE_IDENTIFIER = Yogesh.TodoeyUITests;
				PRODUCT_NAME = "$(TARGET_NAME)";
				SWIFT_VERSION = 5.0;
				TARGETED_DEVICE_FAMILY = "1,2";
				TEST_TARGET_NAME = Todoey;
			};
			name = Debug;
		};
		DECD726725C9267600F4713D /* Release */ = {
			isa = XCBuildConfiguration;
			buildSettings = {
				ALWAYS_EMBED_SWIFT_STANDARD_LIBRARIES = YES;
				CODE_SIGN_STYLE = Automatic;
				DEVELOPMENT_TEAM = 26WTYJ34E7;
				INFOPLIST_FILE = TodoeyUITests/Info.plist;
				LD_RUNPATH_SEARCH_PATHS = (
					"$(inherited)",
					"@executable_path/Frameworks",
					"@loader_path/Frameworks",
				);
				PRODUCT_BUNDLE_IDENTIFIER = Yogesh.TodoeyUITests;
				PRODUCT_NAME = "$(TARGET_NAME)";
				SWIFT_VERSION = 5.0;
				TARGETED_DEVICE_FAMILY = "1,2";
				TEST_TARGET_NAME = Todoey;
			};
			name = Release;
		};
/* End XCBuildConfiguration section */

/* Begin XCConfigurationList section */
		DECD723025C9266100F4713D /* Build configuration list for PBXProject "Todoey" */ = {
			isa = XCConfigurationList;
			buildConfigurations = (
				DECD725D25C9267600F4713D /* Debug */,
				DECD725E25C9267600F4713D /* Release */,
			);
			defaultConfigurationIsVisible = 0;
			defaultConfigurationName = Release;
		};
		DECD725F25C9267600F4713D /* Build configuration list for PBXNativeTarget "Todoey" */ = {
			isa = XCConfigurationList;
			buildConfigurations = (
				DECD726025C9267600F4713D /* Debug */,
				DECD726125C9267600F4713D /* Release */,
			);
			defaultConfigurationIsVisible = 0;
			defaultConfigurationName = Release;
		};
		DECD726225C9267600F4713D /* Build configuration list for PBXNativeTarget "TodoeyTests" */ = {
			isa = XCConfigurationList;
			buildConfigurations = (
				DECD726325C9267600F4713D /* Debug */,
				DECD726425C9267600F4713D /* Release */,
			);
			defaultConfigurationIsVisible = 0;
			defaultConfigurationName = Release;
		};
		DECD726525C9267600F4713D /* Build configuration list for PBXNativeTarget "TodoeyUITests" */ = {
			isa = XCConfigurationList;
			buildConfigurations = (
				DECD726625C9267600F4713D /* Debug */,
				DECD726725C9267600F4713D /* Release */,
			);
			defaultConfigurationIsVisible = 0;
			defaultConfigurationName = Release;
		};
/* End XCConfigurationList section */
	};
	rootObject = DECD722D25C9266100F4713D /* Project object */;
}
